
Microsoft Visual Studio Solution File, Format Version 11.00
# Visual Studio 2010
Project("{FAE04EC0-301F-11D3-BF4B-00C04F79EFBC}") = "DnDCS", "DnDCS\DnDCS.csproj", "{2E48D8C6-99CC-4EF6-9200-DA7080809B23}"
EndProject
Project("{FAE04EC0-301F-11D3-BF4B-00C04F79EFBC}") = "DnDCS.Client", "DnDCS.Client\DnDCS.Client.csproj", "{57A96DDF-61D3-4286-AE00-8AC6F218BA4E}"
EndProject
Project("{FAE04EC0-301F-11D3-BF4B-00C04F79EFBC}") = "DnDCS.Server", "DnDCS.Server\DnDCS.Server.csproj", "{E306AAE7-51E4-442A-ACBB-793F496FA80B}"
EndProject
Project("{FAE04EC0-301F-11D3-BF4B-00C04F79EFBC}") = "DnDCS.Libs", "DnDCS.Libs\DnDCS.Libs.csproj", "{EAB1B144-0E8B-4BA2-958A-42B1E70B32AB}"
EndProject
Project("{FAE04EC0-301F-11D3-BF4B-00C04F79EFBC}") = "DnDCS.WinFormsLibs", "DnDCS.WinFormsLibs\DnDCS.WinFormsLibs.csproj", "{70F6B07C-0D5E-4373-A21F-1D446A59B33F}"
EndProject
Global
	GlobalSection(SolutionConfigurationPlatforms) = preSolution
		Debug|Any CPU = Debug|Any CPU
		Debug|Mixed Platforms = Debug|Mixed Platforms
		Debug|x64 = Debug|x64
		Debug|x86 = Debug|x86
		Release|Any CPU = Release|Any CPU
		Release|Mixed Platforms = Release|Mixed Platforms
		Release|x64 = Release|x64
		Release|x86 = Release|x86
	EndGlobalSection
	GlobalSection(ProjectConfigurationPlatforms) = postSolution
		{2E48D8C6-99CC-4EF6-9200-DA7080809B23}.Debug|Any CPU.ActiveCfg = Debug|x86
		{2E48D8C6-99CC-4EF6-9200-DA7080809B23}.Debug|Mixed Platforms.ActiveCfg = Debug|x64
		{2E48D8C6-99CC-4EF6-9200-DA7080809B23}.Debug|Mixed Platforms.Build.0 = Debug|x64
		{2E48D8C6-99CC-4EF6-9200-DA7080809B23}.Debug|x64.ActiveCfg = Debug|x64
		{2E48D8C6-99CC-4EF6-9200-DA7080809B23}.Debug|x64.Build.0 = Debug|x64
		{2E48D8C6-99CC-4EF6-9200-DA7080809B23}.Debug|x86.ActiveCfg = Debug|x86
		{2E48D8C6-99CC-4EF6-9200-DA7080809B23}.Debug|x86.Build.0 = Debug|x86
		{2E48D8C6-99CC-4EF6-9200-DA7080809B23}.Release|Any CPU.ActiveCfg = Release|x86
		{2E48D8C6-99CC-4EF6-9200-DA7080809B23}.Release|Mixed Platforms.ActiveCfg = Release|x86
		{2E48D8C6-99CC-4EF6-9200-DA7080809B23}.Release|Mixed Platforms.Build.0 = Release|x86
		{2E48D8C6-99CC-4EF6-9200-DA7080809B23}.Release|x64.ActiveCfg = Release|x64
		{2E48D8C6-99CC-4EF6-9200-DA7080809B23}.Release|x64.Build.0 = Release|x64
		{2E48D8C6-99CC-4EF6-9200-DA7080809B23}.Release|x86.ActiveCfg = Release|x86
		{2E48D8C6-99CC-4EF6-9200-DA7080809B23}.Release|x86.Build.0 = Release|x86
		{57A96DDF-61D3-4286-AE00-8AC6F218BA4E}.Debug|Any CPU.ActiveCfg = Debug|Any CPU
		{57A96DDF-61D3-4286-AE00-8AC6F218BA4E}.Debug|Any CPU.Build.0 = Debug|Any CPU
		{57A96DDF-61D3-4286-AE00-8AC6F218BA4E}.Debug|Mixed Platforms.ActiveCfg = Debug|Any CPU
		{57A96DDF-61D3-4286-AE00-8AC6F218BA4E}.Debug|Mixed Platforms.Build.0 = Debug|Any CPU
		{57A96DDF-61D3-4286-AE00-8AC6F218BA4E}.Debug|x64.ActiveCfg = Debug|Any CPU
		{57A96DDF-61D3-4286-AE00-8AC6F218BA4E}.Debug|x64.Build.0 = Debug|Any CPU
		{57A96DDF-61D3-4286-AE00-8AC6F218BA4E}.Debug|x86.ActiveCfg = Debug|Any CPU
		{57A96DDF-61D3-4286-AE00-8AC6F218BA4E}.Release|Any CPU.ActiveCfg = Release|Any CPU
		{57A96DDF-61D3-4286-AE00-8AC6F218BA4E}.Release|Any CPU.Build.0 = Release|Any CPU
		{57A96DDF-61D3-4286-AE00-8AC6F218BA4E}.Release|Mixed Platforms.ActiveCfg = Release|Any CPU
		{57A96DDF-61D3-4286-AE00-8AC6F218BA4E}.Release|Mixed Platforms.Build.0 = Release|Any CPU
		{57A96DDF-61D3-4286-AE00-8AC6F218BA4E}.Release|x64.ActiveCfg = Release|Any CPU
		{57A96DDF-61D3-4286-AE00-8AC6F218BA4E}.Release|x64.Build.0 = Release|Any CPU
		{57A96DDF-61D3-4286-AE00-8AC6F218BA4E}.Release|x86.ActiveCfg = Release|Any CPU
		{E306AAE7-51E4-442A-ACBB-793F496FA80B}.Debug|Any CPU.ActiveCfg = Debug|Any CPU
		{E306AAE7-51E4-442A-ACBB-793F496FA80B}.Debug|Any CPU.Build.0 = Debug|Any CPU
		{E306AAE7-51E4-442A-ACBB-793F496FA80B}.Debug|Mixed Platforms.ActiveCfg = Debug|Any CPU
		{E306AAE7-51E4-442A-ACBB-793F496FA80B}.Debug|Mixed Platforms.Build.0 = Debug|Any CPU
		{E306AAE7-51E4-442A-ACBB-793F496FA80B}.Debug|x64.ActiveCfg = Debug|Any CPU
		{E306AAE7-51E4-442A-ACBB-793F496FA80B}.Debug|x64.Build.0 = Debug|Any CPU
		{E306AAE7-51E4-442A-ACBB-793F496FA80B}.Debug|x86.ActiveCfg = Debug|Any CPU
		{E306AAE7-51E4-442A-ACBB-793F496FA80B}.Release|Any CPU.ActiveCfg = Release|Any CPU
		{E306AAE7-51E4-442A-ACBB-793F496FA80B}.Release|Any CPU.Build.0 = Release|Any CPU
		{E306AAE7-51E4-442A-ACBB-793F496FA80B}.Release|Mixed Platforms.ActiveCfg = Release|Any CPU
		{E306AAE7-51E4-442A-ACBB-793F496FA80B}.Release|Mixed Platforms.Build.0 = Release|Any CPU
		{E306AAE7-51E4-442A-ACBB-793F496FA80B}.Release|x64.ActiveCfg = Release|Any CPU
		{E306AAE7-51E4-442A-ACBB-793F496FA80B}.Release|x64.Build.0 = Release|Any CPU
		{E306AAE7-51E4-442A-ACBB-793F496FA80B}.Release|x86.ActiveCfg = Release|Any CPU
		{EAB1B144-0E8B-4BA2-958A-42B1E70B32AB}.Debug|Any CPU.ActiveCfg = Debug|Any CPU
		{EAB1B144-0E8B-4BA2-958A-42B1E70B32AB}.Debug|Any CPU.Build.0 = Debug|Any CPU
		{EAB1B144-0E8B-4BA2-958A-42B1E70B32AB}.Debug|Mixed Platforms.ActiveCfg = Debug|Any CPU
		{EAB1B144-0E8B-4BA2-958A-42B1E70B32AB}.Debug|Mixed Platforms.Build.0 = Debug|Any CPU
		{EAB1B144-0E8B-4BA2-958A-42B1E70B32AB}.Debug|x64.ActiveCfg = Debug|Any CPU
		{EAB1B144-0E8B-4BA2-958A-42B1E70B32AB}.Debug|x64.Build.0 = Debug|Any CPU
		{EAB1B144-0E8B-4BA2-958A-42B1E70B32AB}.Debug|x86.ActiveCfg = Debug|Any CPU
		{EAB1B144-0E8B-4BA2-958A-42B1E70B32AB}.Release|Any CPU.ActiveCfg = Release|Any CPU
		{EAB1B144-0E8B-4BA2-958A-42B1E70B32AB}.Release|Any CPU.Build.0 = Release|Any CPU
		{EAB1B144-0E8B-4BA2-958A-42B1E70B32AB}.Release|Mixed Platforms.ActiveCfg = Release|Any CPU
		{EAB1B144-0E8B-4BA2-958A-42B1E70B32AB}.Release|Mixed Platforms.Build.0 = Release|Any CPU
		{EAB1B144-0E8B-4BA2-958A-42B1E70B32AB}.Release|x64.ActiveCfg = Release|Any CPU
		{EAB1B144-0E8B-4BA2-958A-42B1E70B32AB}.Release|x64.Build.0 = Release|Any CPU
		{EAB1B144-0E8B-4BA2-958A-42B1E70B32AB}.Release|x86.ActiveCfg = Release|Any CPU
		{70F6B07C-0D5E-4373-A21F-1D446A59B33F}.Debug|Any CPU.ActiveCfg = Debug|Any CPU
		{70F6B07C-0D5E-4373-A21F-1D446A59B33F}.Debug|Any CPU.Build.0 = Debug|Any CPU
		{70F6B07C-0D5E-4373-A21F-1D446A59B33F}.Debug|Mixed Platforms.ActiveCfg = Debug|Any CPU
		{70F6B07C-0D5E-4373-A21F-1D446A59B33F}.Debug|Mixed Platforms.Build.0 = Debug|Any CPU
		{70F6B07C-0D5E-4373-A21F-1D446A59B33F}.Debug|x64.ActiveCfg = Debug|Any CPU
		{70F6B07C-0D5E-4373-A21F-1D446A59B33F}.Debug|x64.Build.0 = Debug|Any CPU
		{70F6B07C-0D5E-4373-A21F-1D446A59B33F}.Debug|x86.ActiveCfg = Debug|Any CPU
		{70F6B07C-0D5E-4373-A21F-1D446A59B33F}.Release|Any CPU.ActiveCfg = Release|Any CPU
		{70F6B07C-0D5E-4373-A21F-1D446A59B33F}.Release|Any CPU.Build.0 = Release|Any CPU
		{70F6B07C-0D5E-4373-A21F-1D446A59B33F}.Release|Mixed Platforms.ActiveCfg = Release|Any CPU
		{70F6B07C-0D5E-4373-A21F-1D446A59B33F}.Release|Mixed Platforms.Build.0 = Release|Any CPU
		{70F6B07C-0D5E-4373-A21F-1D446A59B33F}.Release|x64.ActiveCfg = Release|Any CPU
		{70F6B07C-0D5E-4373-A21F-1D446A59B33F}.Release|x64.Build.0 = Release|Any CPU
		{70F6B07C-0D5E-4373-A21F-1D446A59B33F}.Release|x86.ActiveCfg = Release|Any CPU
	EndGlobalSection
	GlobalSection(SolutionProperties) = preSolution
		HideSolutionNode = FALSE
	EndGlobalSection
EndGlobal
